{
  "name": "cw-purescript",
  "version": "0.0.1",
  "lockfileVersion": 2,
  "requires": true,
  "packages": {
    "": {
      "name": "cw-purescript",
      "version": "0.0.1",
      "dependencies": {
        "big-integer": "^1.6.41"
      }
    },
    "node_modules/big-integer": {
      "version": "1.6.41",
      "resolved": "https://registry.npmjs.org/big-integer/-/big-integer-1.6.41.tgz",
      "integrity": "sha512-d5AT9lMTYJ/ZE/4gzxb+5ttPcRWljVsvv7lF1w9KzkPhVUhBtHrjDo1J8swfZKepfLsliDhYa31zRYwcD0Yg9w==",
      "engines": {
        "node": ">=0.6"
      }
    }
  },
  "dependencies": {
    "big-integer": {
      "version": "1.6.41",
      "resolved": "https://registry.npmjs.org/big-integer/-/big-integer-1.6.41.tgz",
      "integrity": "sha512-d5AT9lMTYJ/ZE/4gzxb+5ttPcRWljVsvv7lF1w9KzkPhVUhBtHrjDo1J8swfZKepfLsliDhYa31zRYwcD0Yg9w=="
    }
  }
}
